// !$*UTF8*$!
{
	archiveVersion = 1;
	classes = {
	};
	objectVersion = 55;
	objects = {

/* Begin PBXBuildFile section */
		CECE7CDC2885AEC600603039 /* AppDelegate.swift in Sources */ = {isa = PBXBuildFile; fileRef = CECE7CDB2885AEC600603039 /* AppDelegate.swift */; };
		CECE7CDE2885AEC600603039 /* SceneDelegate.swift in Sources */ = {isa = PBXBuildFile; fileRef = CECE7CDD2885AEC600603039 /* SceneDelegate.swift */; };
		CECE7CE02885AEC600603039 /* ValidatorViewController.swift in Sources */ = {isa = PBXBuildFile; fileRef = CECE7CDF2885AEC600603039 /* ValidatorViewController.swift */; };
		CECE7CE32885AEC600603039 /* Main.storyboard in Resources */ = {isa = PBXBuildFile; fileRef = CECE7CE12885AEC600603039 /* Main.storyboard */; };
		CECE7CE52885AEC700603039 /* Assets.xcassets in Resources */ = {isa = PBXBuildFile; fileRef = CECE7CE42885AEC700603039 /* Assets.xcassets */; };
		CECE7CE82885AEC700603039 /* LaunchScreen.storyboard in Resources */ = {isa = PBXBuildFile; fileRef = CECE7CE62885AEC700603039 /* LaunchScreen.storyboard */; };
		CECE7CF22885D8BF00603039 /* ValidatorViewModel.swift in Sources */ = {isa = PBXBuildFile; fileRef = CECE7CF12885D8BF00603039 /* ValidatorViewModel.swift */; };
		CECE7CF82886F16300603039 /* RegExValidator.swift in Sources */ = {isa = PBXBuildFile; fileRef = CECE7CF72886F16300603039 /* RegExValidator.swift */; };
/* End PBXBuildFile section */

/* Begin PBXFileReference section */
		CECE7CD82885AEC600603039 /* emailValidator.app */ = {isa = PBXFileReference; explicitFileType = wrapper.application; includeInIndex = 0; path = emailValidator.app; sourceTree = BUILT_PRODUCTS_DIR; };
		CECE7CDB2885AEC600603039 /* AppDelegate.swift */ = {isa = PBXFileReference; lastKnownFileType = sourcecode.swift; path = AppDelegate.swift; sourceTree = "<group>"; };
		CECE7CDD2885AEC600603039 /* SceneDelegate.swift */ = {isa = PBXFileReference; lastKnownFileType = sourcecode.swift; path = SceneDelegate.swift; sourceTree = "<group>"; };
		CECE7CDF2885AEC600603039 /* ValidatorViewController.swift */ = {isa = PBXFileReference; lastKnownFileType = sourcecode.swift; path = ValidatorViewController.swift; sourceTree = "<group>"; };
		CECE7CE22885AEC600603039 /* Base */ = {isa = PBXFileReference; lastKnownFileType = file.storyboard; name = Base; path = Base.lproj/Main.storyboard; sourceTree = "<group>"; };
		CECE7CE42885AEC700603039 /* Assets.xcassets */ = {isa = PBXFileReference; lastKnownFileType = folder.assetcatalog; path = Assets.xcassets; sourceTree = "<group>"; };
		CECE7CE72885AEC700603039 /* Base */ = {isa = PBXFileReference; lastKnownFileType = file.storyboard; name = Base; path = Base.lproj/LaunchScreen.storyboard; sourceTree = "<group>"; };
		CECE7CE92885AEC700603039 /* Info.plist */ = {isa = PBXFileReference; lastKnownFileType = text.plist.xml; path = Info.plist; sourceTree = "<group>"; };
		CECE7CF12885D8BF00603039 /* ValidatorViewModel.swift */ = {isa = PBXFileReference; lastKnownFileType = sourcecode.swift; path = ValidatorViewModel.swift; sourceTree = "<group>"; };
		CECE7CF72886F16300603039 /* RegExValidator.swift */ = {isa = PBXFileReference; lastKnownFileType = sourcecode.swift; path = RegExValidator.swift; sourceTree = "<group>"; };
/* End PBXFileReference section */

/* Begin PBXFrameworksBuildPhase section */
		CECE7CD52885AEC600603039 /* Frameworks */ = {
			isa = PBXFrameworksBuildPhase;
			buildActionMask = 2147483647;
			files = (
			);
			runOnlyForDeploymentPostprocessing = 0;
		};
/* End PBXFrameworksBuildPhase section */

/* Begin PBXGroup section */
		CECE7CCF2885AEC600603039 = {
			isa = PBXGroup;
			children = (
				CECE7CDA2885AEC600603039 /* emailValidator */,
				CECE7CD92885AEC600603039 /* Products */,
			);
			sourceTree = "<group>";
		};
		CECE7CD92885AEC600603039 /* Products */ = {
			isa = PBXGroup;
			children = (
				CECE7CD82885AEC600603039 /* emailValidator.app */,
			);
			name = Products;
			sourceTree = "<group>";
		};
		CECE7CDA2885AEC600603039 /* emailValidator */ = {
			isa = PBXGroup;
			children = (
				CECE7CF62886F12100603039 /* Services */,
				CECE7CEF2885D88B00603039 /* UI */,
				CECE7CDB2885AEC600603039 /* AppDelegate.swift */,
				CECE7CDD2885AEC600603039 /* SceneDelegate.swift */,
				CECE7CE12885AEC600603039 /* Main.storyboard */,
				CECE7CE42885AEC700603039 /* Assets.xcassets */,
				CECE7CE62885AEC700603039 /* LaunchScreen.storyboard */,
				CECE7CE92885AEC700603039 /* Info.plist */,
			);
			path = emailValidator;
			sourceTree = "<group>";
		};
		CECE7CEF2885D88B00603039 /* UI */ = {
			isa = PBXGroup;
			children = (
				CECE7CF02885D89500603039 /* Controllers */,
			);
			path = UI;
			sourceTree = "<group>";
		};
		CECE7CF02885D89500603039 /* Controllers */ = {
			isa = PBXGroup;
			children = (
				CECE7CDF2885AEC600603039 /* ValidatorViewController.swift */,
				CECE7CF12885D8BF00603039 /* ValidatorViewModel.swift */,
			);
			path = Controllers;
			sourceTree = "<group>";
		};
		CECE7CF62886F12100603039 /* Services */ = {
			isa = PBXGroup;
			children = (
				CECE7CF72886F16300603039 /* RegExValidator.swift */,
			);
			path = Services;
			sourceTree = "<group>";
		};
/* End PBXGroup section */

/* Begin PBXNativeTarget section */
		CECE7CD72885AEC600603039 /* emailValidator */ = {
			isa = PBXNativeTarget;
			buildConfigurationList = CECE7CEC2885AEC700603039 /* Build configuration list for PBXNativeTarget "emailValidator" */;
			buildPhases = (
				CECE7CD42885AEC600603039 /* Sources */,
				CECE7CD52885AEC600603039 /* Frameworks */,
				CECE7CD62885AEC600603039 /* Resources */,
			);
			buildRules = (
			);
			dependencies = (
			);
			name = emailValidator;
			productName = emailValidator;
			productReference = CECE7CD82885AEC600603039 /* emailValidator.app */;
			productType = "com.apple.product-type.application";
		};
/* End PBXNativeTarget section */

/* Begin PBXProject section */
		CECE7CD02885AEC600603039 /* Project object */ = {
			isa = PBXProject;
			attributes = {
				BuildIndependentTargetsInParallel = 1;
				LastSwiftUpdateCheck = 1310;
				LastUpgradeCheck = 1310;
				TargetAttributes = {
					CECE7CD72885AEC600603039 = {
						CreatedOnToolsVersion = 13.1;
					};
				};
			};
			buildConfigurationList = CECE7CD32885AEC600603039 /* Build configuration list for PBXProject "emailValidator" */;
			compatibilityVersion = "Xcode 13.0";
			developmentRegion = en;
			hasScannedForEncodings = 0;
			knownRegions = (
				en,
				Base,
			);
			mainGroup = CECE7CCF2885AEC600603039;
			productRefGroup = CECE7CD92885AEC600603039 /* Products */;
			projectDirPath = "";
			projectRoot = "";
			targets = (
				CECE7CD72885AEC600603039 /* emailValidator */,
			);
		};
/* End PBXProject section */

/* Begin PBXResourcesBuildPhase section */
		CECE7CD62885AEC600603039 /* Resources */ = {
			isa = PBXResourcesBuildPhase;
			buildActionMask = 2147483647;
			files = (
				CECE7CE82885AEC700603039 /* LaunchScreen.storyboard in Resources */,
				CECE7CE52885AEC700603039 /* Assets.xcassets in Resources */,
				CECE7CE32885AEC600603039 /* Main.storyboard in Resources */,
			);
			runOnlyForDeploymentPostprocessing = 0;
		};
/* End PBXResourcesBuildPhase section */

/* Begin PBXSourcesBuildPhase section */
		CECE7CD42885AEC600603039 /* Sources */ = {
			isa = PBXSourcesBuildPhase;
			buildActionMask = 2147483647;
			files = (
				CECE7CF22885D8BF00603039 /* ValidatorViewModel.swift in Sources */,
				CECE7CE02885AEC600603039 /* ValidatorViewController.swift in Sources */,
				CECE7CDC2885AEC600603039 /* AppDelegate.swift in Sources */,
				CECE7CDE2885AEC600603039 /* SceneDelegate.swift in Sources */,
				CECE7CF82886F16300603039 /* RegExValidator.swift in Sources */,
			);
			runOnlyForDeploymentPostprocessing = 0;
		};
/* End PBXSourcesBuildPhase section */

/* Begin PBXVariantGroup section */
		CECE7CE12885AEC600603039 /* Main.storyboard */ = {
			isa = PBXVariantGroup;
			children = (
				CECE7CE22885AEC600603039 /* Base */,
			);
			name = Main.storyboard;
			sourceTree = "<group>";
		};
		CECE7CE62885AEC700603039 /* LaunchScreen.storyboard */ = {
			isa = PBXVariantGroup;
			children = (
				CECE7CE72885AEC700603039 /* Base */,
			);
			name = LaunchScreen.storyboard;
			sourceTree = "<group>";
		};
/* End PBXVariantGroup section */

/* Begin XCBuildConfiguration section */
		CECE7CEA2885AEC700603039 /* Debug */ = {
			isa = XCBuildConfiguration;
			buildSettings = {
				ALWAYS_SEARCH_USER_PATHS = NO;
				CLANG_ANALYZER_NONNULL = YES;
				CLANG_ANALYZER_NUMBER_OBJECT_CONVERSION = YES_AGGRESSIVE;
				CLANG_CXX_LANGUAGE_STANDARD = "gnu++17";
				CLANG_CXX_LIBRARY = "libc++";
				CLANG_ENABLE_MODULES = YES;
				CLANG_ENABLE_OBJC_ARC = YES;
				CLANG_ENABLE_OBJC_WEAK = YES;
				CLANG_WARN_BLOCK_CAPTURE_AUTORELEASING = YES;
				CLANG_WARN_BOOL_CONVERSION = YES;
				CLANG_WARN_COMMA = YES;
				CLANG_WARN_CONSTANT_CONVERSION = YES;
				CLANG_WARN_DEPRECATED_OBJC_IMPLEMENTATIONS = YES;
				CLANG_WARN_DIRECT_OBJC_ISA_USAGE = YES_ERROR;
				CLANG_WARN_DOCUMENTATION_COMMENTS = YES;
				CLANG_WARN_EMPTY_BODY = YES;
				CLANG_WARN_ENUM_CONVERSION = YES;
				CLANG_WARN_INFINITE_RECURSION = YES;
				CLANG_WARN_INT_CONVERSION = YES;
				CLANG_WARN_NON_LITERAL_NULL_CONVERSION = YES;
				CLANG_WARN_OBJC_IMPLICIT_RETAIN_SELF = YES;
				CLANG_WARN_OBJC_LITERAL_CONVERSION = YES;
				CLANG_WARN_OBJC_ROOT_CLASS = YES_ERROR;
				CLANG_WARN_QUOTED_INCLUDE_IN_FRAMEWORK_HEADER = YES;
				CLANG_WARN_RANGE_LOOP_ANALYSIS = YES;
				CLANG_WARN_STRICT_PROTOTYPES = YES;
				CLANG_WARN_SUSPICIOUS_MOVE = YES;
				CLANG_WARN_UNGUARDED_AVAILABILITY = YES_AGGRESSIVE;
				CLANG_WARN_UNREACHABLE_CODE = YES;
				CLANG_WARN__DUPLICATE_METHOD_MATCH = YES;
				COPY_PHASE_STRIP = NO;
				DEBUG_INFORMATION_FORMAT = dwarf;
				ENABLE_STRICT_OBJC_MSGSEND = YES;
				ENABLE_TESTABILITY = YES;
				GCC_C_LANGUAGE_STANDARD = gnu11;
				GCC_DYNAMIC_NO_PIC = NO;
				GCC_NO_COMMON_BLOCKS = YES;
				GCC_OPTIMIZATION_LEVEL = 0;
				GCC_PREPROCESSOR_DEFINITIONS = (
					"DEBUG=1",
					"$(inherited)",
				);
				GCC_WARN_64_TO_32_BIT_CONVERSION = YES;
				GCC_WARN_ABOUT_RETURN_TYPE = YES_ERROR;
				GCC_WARN_UNDECLARED_SELECTOR = YES;
				GCC_WARN_UNINITIALIZED_AUTOS = YES_AGGRESSIVE;
				GCC_WARN_UNUSED_FUNCTION = YES;
				GCC_WARN_UNUSED_VARIABLE = YES;
				IPHONEOS_DEPLOYMENT_TARGET = 15.0;
				MTL_ENABLE_DEBUG_INFO = INCLUDE_SOURCE;
				MTL_FAST_MATH = YES;
				ONLY_ACTIVE_ARCH = YES;
				SDKROOT = iphoneos;
				SWIFT_ACTIVE_COMPILATION_CONDITIONS = DEBUG;
				SWIFT_OPTIMIZATION_LEVEL = "-Onone";
			};
			name = Debug;
		};
		CECE7CEB2885AEC700603039 /* Release */ = {
			isa = XCBuildConfiguration;
			buildSettings = {
				ALWAYS_SEARCH_USER_PATHS = NO;
				CLANG_ANALYZER_NONNULL = YES;
				CLANG_ANALYZER_NUMBER_OBJECT_CONVERSION = YES_AGGRESSIVE;
				CLANG_CXX_LANGUAGE_STANDARD = "gnu++17";
				CLANG_CXX_LIBRARY = "libc++";
				CLANG_ENABLE_MODULES = YES;
				CLANG_ENABLE_OBJC_ARC = YES;
				CLANG_ENABLE_OBJC_WEAK = YES;
				CLANG_WARN_BLOCK_CAPTURE_AUTORELEASING = YES;
				CLANG_WARN_BOOL_CONVERSION = YES;
				CLANG_WARN_COMMA = YES;
				CLANG_WARN_CONSTANT_CONVERSION = YES;
				CLANG_WARN_DEPRECATED_OBJC_IMPLEMENTATIONS = YES;
				CLANG_WARN_DIRECT_OBJC_ISA_USAGE = YES_ERROR;
				CLANG_WARN_DOCUMENTATION_COMMENTS = YES;
				CLANG_WARN_EMPTY_BODY = YES;
				CLANG_WARN_ENUM_CONVERSION = YES;
				CLANG_WARN_INFINITE_RECURSION = YES;
				CLANG_WARN_INT_CONVERSION = YES;
				CLANG_WARN_NON_LITERAL_NULL_CONVERSION = YES;
				CLANG_WARN_OBJC_IMPLICIT_RETAIN_SELF = YES;
				CLANG_WARN_OBJC_LITERAL_CONVERSION = YES;
				CLANG_WARN_OBJC_ROOT_CLASS = YES_ERROR;
				CLANG_WARN_QUOTED_INCLUDE_IN_FRAMEWORK_HEADER = YES;
				CLANG_WARN_RANGE_LOOP_ANALYSIS = YES;
				CLANG_WARN_STRICT_PROTOTYPES = YES;
				CLANG_WARN_SUSPICIOUS_MOVE = YES;
				CLANG_WARN_UNGUARDED_AVAILABILITY = YES_AGGRESSIVE;
				CLANG_WARN_UNREACHABLE_CODE = YES;
				CLANG_WARN__DUPLICATE_METHOD_MATCH = YES;
				COPY_PHASE_STRIP = NO;
				DEBUG_INFORMATION_FORMAT = "dwarf-with-dsym";
				ENABLE_NS_ASSERTIONS = NO;
				ENABLE_STRICT_OBJC_MSGSEND = YES;
				GCC_C_LANGUAGE_STANDARD = gnu11;
				GCC_NO_COMMON_BLOCKS = YES;
				GCC_WARN_64_TO_32_BIT_CONVERSION = YES;
				GCC_WARN_ABOUT_RETURN_TYPE = YES_ERROR;
				GCC_WARN_UNDECLARED_SELECTOR = YES;
				GCC_WARN_UNINITIALIZED_AUTOS = YES_AGGRESSIVE;
				GCC_WARN_UNUSED_FUNCTION = YES;
				GCC_WARN_UNUSED_VARIABLE = YES;
				IPHONEOS_DEPLOYMENT_TARGET = 15.0;
				MTL_ENABLE_DEBUG_INFO = NO;
				MTL_FAST_MATH = YES;
				SDKROOT = iphoneos;
				SWIFT_COMPILATION_MODE = wholemodule;
				SWIFT_OPTIMIZATION_LEVEL = "-O";
				VALIDATE_PRODUCT = YES;
			};
			name = Release;
		};
		CECE7CED2885AEC700603039 /* Debug */ = {
			isa = XCBuildConfiguration;
			buildSettings = {
				ASSETCATALOG_COMPILER_APPICON_NAME = AppIcon;
				ASSETCATALOG_COMPILER_GLOBAL_ACCENT_COLOR_NAME = AccentColor;
				CODE_SIGN_STYLE = Automatic;
				CURRENT_PROJECT_VERSION = 1;
				GENERATE_INFOPLIST_FILE = YES;
				INFOPLIST_FILE = emailValidator/Info.plist;
				INFOPLIST_KEY_UIApplicationSupportsIndirectInputEvents = YES;
				INFOPLIST_KEY_UILaunchStoryboardName = LaunchScreen;
				INFOPLIST_KEY_UIMainStoryboardFile = Main;
				INFOPLIST_KEY_UISupportedInterfaceOrientations_iPad = "UIInterfaceOrientationPortrait UIInterfaceOrientationPortraitUpsideDown UIInterfaceOrientationLandscapeLeft UIInterfaceOrientationLandscapeRight";
				INFOPLIST_KEY_UISupportedInterfaceOrientations_iPhone = "UIInterfaceOrientationPortrait UIInterfaceOrientationLandscapeLeft UIInterfaceOrientationLandscapeRight";
				LD_RUNPATH_SEARCH_PATHS = (
					"$(inherited)",
					"@executable_path/Frameworks",
				);
				MARKETING_VERSION = 1.0;
				PRODUCT_BUNDLE_IDENTIFIER = "Humenyuk-Oleksiy.emailValidator";
				PRODUCT_NAME = "$(TARGET_NAME)";
				SWIFT_EMIT_LOC_STRINGS = YES;
				SWIFT_VERSION = 5.0;
				TARGETED_DEVICE_FAMILY = "1,2";
			};
			name = Debug;
		};
		CECE7CEE2885AEC700603039 /* Release */ = {
			isa = XCBuildConfiguration;
			buildSettings = {
				ASSETCATALOG_COMPILER_APPICON_NAME = AppIcon;
				ASSETCATALOG_COMPILER_GLOBAL_ACCENT_COLOR_NAME = AccentColor;
				CODE_SIGN_STYLE = Automatic;
				CURRENT_PROJECT_VERSION = 1;
				GENERATE_INFOPLIST_FILE = YES;
				INFOPLIST_FILE = emailValidator/Info.plist;
				INFOPLIST_KEY_UIApplicationSupportsIndirectInputEvents = YES;
				INFOPLIST_KEY_UILaunchStoryboardName = LaunchScreen;
				INFOPLIST_KEY_UIMainStoryboardFile = Main;
				INFOPLIST_KEY_UISupportedInterfaceOrientations_iPad = "UIInterfaceOrientationPortrait UIInterfaceOrientationPortraitUpsideDown UIInterfaceOrientationLandscapeLeft UIInterfaceOrientationLandscapeRight";
				INFOPLIST_KEY_UISupportedInterfaceOrientations_iPhone = "UIInterfaceOrientationPortrait UIInterfaceOrientationLandscapeLeft UIInterfaceOrientationLandscapeRight";
				LD_RUNPATH_SEARCH_PATHS = (
					"$(inherited)",
					"@executable_path/Frameworks",
				);
				MARKETING_VERSION = 1.0;
				PRODUCT_BUNDLE_IDENTIFIER = "Humenyuk-Oleksiy.emailValidator";
				PRODUCT_NAME = "$(TARGET_NAME)";
				SWIFT_EMIT_LOC_STRINGS = YES;
				SWIFT_VERSION = 5.0;
				TARGETED_DEVICE_FAMILY = "1,2";
			};
			name = Release;
		};
/* End XCBuildConfiguration section */

/* Begin XCConfigurationList section */
		CECE7CD32885AEC600603039 /* Build configuration list for PBXProject "emailValidator" */ = {
			isa = XCConfigurationList;
			buildConfigurations = (
				CECE7CEA2885AEC700603039 /* Debug */,
				CECE7CEB2885AEC700603039 /* Release */,
			);
			defaultConfigurationIsVisible = 0;
			defaultConfigurationName = Release;
		};
		CECE7CEC2885AEC700603039 /* Build configuration list for PBXNativeTarget "emailValidator" */ = {
			isa = XCConfigurationList;
			buildConfigurations = (
				CECE7CED2885AEC700603039 /* Debug */,
				CECE7CEE2885AEC700603039 /* Release */,
			);
			defaultConfigurationIsVisible = 0;
			defaultConfigurationName = Release;
		};
/* End XCConfigurationList section */
	};
	rootObject = CECE7CD02885AEC600603039 /* Project object */;
}
